
Microsoft Visual Studio Solution File, Format Version 12.00
# Visual Studio 2013
VisualStudioVersion = 12.0.31101.0
MinimumVisualStudioVersion = 10.0.40219.1
Project("{9092AA53-FB77-4645-B42D-1CCCA6BD08BD}") = "WotDossier.Node", "WotDossier.Node.njsproj", "{0F5D283E-AB51-4A94-B203-7E5DC25E1533}"
EndProject
Global
	GlobalSection(SolutionConfigurationPlatforms) = preSolution
		Debug|Any CPU = Debug|Any CPU
		Release|Any CPU = Release|Any CPU
	EndGlobalSection
	GlobalSection(ProjectConfigurationPlatforms) = postSolution
		{0F5D283E-AB51-4A94-B203-7E5DC25E1533}.Debug|Any CPU.ActiveCfg = Debug|Any CPU
		{0F5D283E-AB51-4A94-B203-7E5DC25E1533}.Debug|Any CPU.Build.0 = Debug|Any CPU
		{0F5D283E-AB51-4A94-B203-7E5DC25E1533}.Release|Any CPU.ActiveCfg = Release|Any CPU
		{0F5D283E-AB51-4A94-B203-7E5DC25E1533}.Release|Any CPU.Build.0 = Release|Any CPU
	EndGlobalSection
	GlobalSection(SolutionProperties) = preSolution
		HideSolutionNode = FALSE
	EndGlobalSection
EndGlobal
