
Microsoft Visual Studio Solution File, Format Version 12.00
# Visual Studio 2012
Project("{FAE04EC0-301F-11D3-BF4B-00C04F79EFBC}") = "WotDossier", "WotDossier\WotDossier.csproj", "{A4EF480B-49B6-42C4-8ACE-6127B15699F8}"
EndProject
Project("{FAE04EC0-301F-11D3-BF4B-00C04F79EFBC}") = "WotDossier.Domain", "WotDossier.Domain\WotDossier.Domain.csproj", "{BEF5308C-9E64-4369-B012-81600FDD97A3}"
EndProject
Project("{FAE04EC0-301F-11D3-BF4B-00C04F79EFBC}") = "WotDossier.Applications", "WotDossier.Applications\WotDossier.Applications.csproj", "{BE01E7C1-5EE5-4EB6-AC4D-79ECBD42B75C}"
EndProject
Project("{2150E333-8FDC-42A3-9474-1A3956D46DE8}") = ".nuget", ".nuget", "{68CB3F69-460B-4624-9284-70C200448BAD}"
EndProject
Project("{FAE04EC0-301F-11D3-BF4B-00C04F79EFBC}") = "WotDossier.Common", "WotDossier.Common\WotDossier.Common.csproj", "{1268B707-A866-4723-89C7-2E9BD92E6AA6}"
EndProject
Project("{FAE04EC0-301F-11D3-BF4B-00C04F79EFBC}") = "WotDossier.Dal", "WotDossier.Dal\WotDossier.Dal.csproj", "{FC09CE1A-0C77-488D-8169-3D825D998E2C}"
EndProject
Project("{2150E333-8FDC-42A3-9474-1A3956D46DE8}") = "Solution Items", "Solution Items", "{341DBF9B-1926-4D0F-8629-685B853A4329}"
	ProjectSection(SolutionItems) = preProject
		Configs\Log4Net.xml = Configs\Log4Net.xml
	EndProjectSection
EndProject
Project("{FAE04EC0-301F-11D3-BF4B-00C04F79EFBC}") = "WotDossier.Framework", "WotDossier.Framework\WotDossier.Framework.csproj", "{27B67DFE-0BF1-4435-B036-E4C083EAEA03}"
EndProject
Project("{FAE04EC0-301F-11D3-BF4B-00C04F79EFBC}") = "WotDossier.Test", "WotDossier.Test\WotDossier.Test.csproj", "{02B7E83D-A3E7-4456-92F2-23D6A7C5E091}"
EndProject
Project("{6141683F-8A12-4E36-9623-2EB02B2C2303}") = "WotDossier.Setup", "WotDossier.Setup\WotDossier.Setup.isproj", "{CE2C7B66-1C6A-4CA7-949A-EDA0B99E7F50}"
	ProjectSection(ProjectDependencies) = postProject
		{A4EF480B-49B6-42C4-8ACE-6127B15699F8} = {A4EF480B-49B6-42C4-8ACE-6127B15699F8}
	EndProjectSection
EndProject
Global
	GlobalSection(SolutionConfigurationPlatforms) = preSolution
		CD_ROM|Any CPU = CD_ROM|Any CPU
		CD_ROM|Mixed Platforms = CD_ROM|Mixed Platforms
		CD_ROM|x86 = CD_ROM|x86
		Debug|Any CPU = Debug|Any CPU
		Debug|Mixed Platforms = Debug|Mixed Platforms
		Debug|x86 = Debug|x86
		DVD-5|Any CPU = DVD-5|Any CPU
		DVD-5|Mixed Platforms = DVD-5|Mixed Platforms
		DVD-5|x86 = DVD-5|x86
		Release|Any CPU = Release|Any CPU
		Release|Mixed Platforms = Release|Mixed Platforms
		Release|x86 = Release|x86
		SingleImage|Any CPU = SingleImage|Any CPU
		SingleImage|Mixed Platforms = SingleImage|Mixed Platforms
		SingleImage|x86 = SingleImage|x86
	EndGlobalSection
	GlobalSection(ProjectConfigurationPlatforms) = postSolution
		{A4EF480B-49B6-42C4-8ACE-6127B15699F8}.CD_ROM|Any CPU.ActiveCfg = Release|x86
		{A4EF480B-49B6-42C4-8ACE-6127B15699F8}.CD_ROM|Mixed Platforms.ActiveCfg = Release|x86
		{A4EF480B-49B6-42C4-8ACE-6127B15699F8}.CD_ROM|Mixed Platforms.Build.0 = Release|x86
		{A4EF480B-49B6-42C4-8ACE-6127B15699F8}.CD_ROM|x86.ActiveCfg = Release|x86
		{A4EF480B-49B6-42C4-8ACE-6127B15699F8}.CD_ROM|x86.Build.0 = Release|x86
		{A4EF480B-49B6-42C4-8ACE-6127B15699F8}.Debug|Any CPU.ActiveCfg = Debug|x86
		{A4EF480B-49B6-42C4-8ACE-6127B15699F8}.Debug|Mixed Platforms.ActiveCfg = Debug|x86
		{A4EF480B-49B6-42C4-8ACE-6127B15699F8}.Debug|Mixed Platforms.Build.0 = Debug|x86
		{A4EF480B-49B6-42C4-8ACE-6127B15699F8}.Debug|x86.ActiveCfg = Debug|x86
		{A4EF480B-49B6-42C4-8ACE-6127B15699F8}.Debug|x86.Build.0 = Debug|x86
		{A4EF480B-49B6-42C4-8ACE-6127B15699F8}.DVD-5|Any CPU.ActiveCfg = Debug|x86
		{A4EF480B-49B6-42C4-8ACE-6127B15699F8}.DVD-5|Mixed Platforms.ActiveCfg = Debug|x86
		{A4EF480B-49B6-42C4-8ACE-6127B15699F8}.DVD-5|Mixed Platforms.Build.0 = Debug|x86
		{A4EF480B-49B6-42C4-8ACE-6127B15699F8}.DVD-5|x86.ActiveCfg = Debug|x86
		{A4EF480B-49B6-42C4-8ACE-6127B15699F8}.DVD-5|x86.Build.0 = Debug|x86
		{A4EF480B-49B6-42C4-8ACE-6127B15699F8}.Release|Any CPU.ActiveCfg = Release|x86
		{A4EF480B-49B6-42C4-8ACE-6127B15699F8}.Release|Mixed Platforms.ActiveCfg = Release|x86
		{A4EF480B-49B6-42C4-8ACE-6127B15699F8}.Release|Mixed Platforms.Build.0 = Release|x86
		{A4EF480B-49B6-42C4-8ACE-6127B15699F8}.Release|x86.ActiveCfg = Release|x86
		{A4EF480B-49B6-42C4-8ACE-6127B15699F8}.Release|x86.Build.0 = Release|x86
		{A4EF480B-49B6-42C4-8ACE-6127B15699F8}.SingleImage|Any CPU.ActiveCfg = Release|x86
		{A4EF480B-49B6-42C4-8ACE-6127B15699F8}.SingleImage|Mixed Platforms.ActiveCfg = Release|x86
		{A4EF480B-49B6-42C4-8ACE-6127B15699F8}.SingleImage|Mixed Platforms.Build.0 = Release|x86
		{A4EF480B-49B6-42C4-8ACE-6127B15699F8}.SingleImage|x86.ActiveCfg = Release|x86
		{A4EF480B-49B6-42C4-8ACE-6127B15699F8}.SingleImage|x86.Build.0 = Release|x86
		{BEF5308C-9E64-4369-B012-81600FDD97A3}.CD_ROM|Any CPU.ActiveCfg = Release|Any CPU
		{BEF5308C-9E64-4369-B012-81600FDD97A3}.CD_ROM|Any CPU.Build.0 = Release|Any CPU
		{BEF5308C-9E64-4369-B012-81600FDD97A3}.CD_ROM|Mixed Platforms.ActiveCfg = Release|Any CPU
		{BEF5308C-9E64-4369-B012-81600FDD97A3}.CD_ROM|Mixed Platforms.Build.0 = Release|Any CPU
		{BEF5308C-9E64-4369-B012-81600FDD97A3}.CD_ROM|x86.ActiveCfg = Release|Any CPU
		{BEF5308C-9E64-4369-B012-81600FDD97A3}.Debug|Any CPU.ActiveCfg = Debug|Any CPU
		{BEF5308C-9E64-4369-B012-81600FDD97A3}.Debug|Any CPU.Build.0 = Debug|Any CPU
		{BEF5308C-9E64-4369-B012-81600FDD97A3}.Debug|Mixed Platforms.ActiveCfg = Debug|Any CPU
		{BEF5308C-9E64-4369-B012-81600FDD97A3}.Debug|Mixed Platforms.Build.0 = Debug|Any CPU
		{BEF5308C-9E64-4369-B012-81600FDD97A3}.Debug|x86.ActiveCfg = Debug|Any CPU
		{BEF5308C-9E64-4369-B012-81600FDD97A3}.DVD-5|Any CPU.ActiveCfg = Debug|Any CPU
		{BEF5308C-9E64-4369-B012-81600FDD97A3}.DVD-5|Any CPU.Build.0 = Debug|Any CPU
		{BEF5308C-9E64-4369-B012-81600FDD97A3}.DVD-5|Mixed Platforms.ActiveCfg = Debug|Any CPU
		{BEF5308C-9E64-4369-B012-81600FDD97A3}.DVD-5|Mixed Platforms.Build.0 = Debug|Any CPU
		{BEF5308C-9E64-4369-B012-81600FDD97A3}.DVD-5|x86.ActiveCfg = Debug|Any CPU
		{BEF5308C-9E64-4369-B012-81600FDD97A3}.Release|Any CPU.ActiveCfg = Release|Any CPU
		{BEF5308C-9E64-4369-B012-81600FDD97A3}.Release|Any CPU.Build.0 = Release|Any CPU
		{BEF5308C-9E64-4369-B012-81600FDD97A3}.Release|Mixed Platforms.ActiveCfg = Release|Any CPU
		{BEF5308C-9E64-4369-B012-81600FDD97A3}.Release|Mixed Platforms.Build.0 = Release|Any CPU
		{BEF5308C-9E64-4369-B012-81600FDD97A3}.Release|x86.ActiveCfg = Release|Any CPU
		{BEF5308C-9E64-4369-B012-81600FDD97A3}.SingleImage|Any CPU.ActiveCfg = Release|Any CPU
		{BEF5308C-9E64-4369-B012-81600FDD97A3}.SingleImage|Any CPU.Build.0 = Release|Any CPU
		{BEF5308C-9E64-4369-B012-81600FDD97A3}.SingleImage|Mixed Platforms.ActiveCfg = Release|Any CPU
		{BEF5308C-9E64-4369-B012-81600FDD97A3}.SingleImage|Mixed Platforms.Build.0 = Release|Any CPU
		{BEF5308C-9E64-4369-B012-81600FDD97A3}.SingleImage|x86.ActiveCfg = Release|Any CPU
		{BE01E7C1-5EE5-4EB6-AC4D-79ECBD42B75C}.CD_ROM|Any CPU.ActiveCfg = Release|Any CPU
		{BE01E7C1-5EE5-4EB6-AC4D-79ECBD42B75C}.CD_ROM|Any CPU.Build.0 = Release|Any CPU
		{BE01E7C1-5EE5-4EB6-AC4D-79ECBD42B75C}.CD_ROM|Mixed Platforms.ActiveCfg = Release|Any CPU
		{BE01E7C1-5EE5-4EB6-AC4D-79ECBD42B75C}.CD_ROM|Mixed Platforms.Build.0 = Release|Any CPU
		{BE01E7C1-5EE5-4EB6-AC4D-79ECBD42B75C}.CD_ROM|x86.ActiveCfg = Release|Any CPU
		{BE01E7C1-5EE5-4EB6-AC4D-79ECBD42B75C}.Debug|Any CPU.ActiveCfg = Debug|Any CPU
		{BE01E7C1-5EE5-4EB6-AC4D-79ECBD42B75C}.Debug|Any CPU.Build.0 = Debug|Any CPU
		{BE01E7C1-5EE5-4EB6-AC4D-79ECBD42B75C}.Debug|Mixed Platforms.ActiveCfg = Debug|Any CPU
		{BE01E7C1-5EE5-4EB6-AC4D-79ECBD42B75C}.Debug|Mixed Platforms.Build.0 = Debug|Any CPU
		{BE01E7C1-5EE5-4EB6-AC4D-79ECBD42B75C}.Debug|x86.ActiveCfg = Debug|Any CPU
		{BE01E7C1-5EE5-4EB6-AC4D-79ECBD42B75C}.DVD-5|Any CPU.ActiveCfg = Debug|Any CPU
		{BE01E7C1-5EE5-4EB6-AC4D-79ECBD42B75C}.DVD-5|Any CPU.Build.0 = Debug|Any CPU
		{BE01E7C1-5EE5-4EB6-AC4D-79ECBD42B75C}.DVD-5|Mixed Platforms.ActiveCfg = Debug|Any CPU
		{BE01E7C1-5EE5-4EB6-AC4D-79ECBD42B75C}.DVD-5|Mixed Platforms.Build.0 = Debug|Any CPU
		{BE01E7C1-5EE5-4EB6-AC4D-79ECBD42B75C}.DVD-5|x86.ActiveCfg = Debug|Any CPU
		{BE01E7C1-5EE5-4EB6-AC4D-79ECBD42B75C}.Release|Any CPU.ActiveCfg = Release|Any CPU
		{BE01E7C1-5EE5-4EB6-AC4D-79ECBD42B75C}.Release|Any CPU.Build.0 = Release|Any CPU
		{BE01E7C1-5EE5-4EB6-AC4D-79ECBD42B75C}.Release|Mixed Platforms.ActiveCfg = Release|Any CPU
		{BE01E7C1-5EE5-4EB6-AC4D-79ECBD42B75C}.Release|Mixed Platforms.Build.0 = Release|Any CPU
		{BE01E7C1-5EE5-4EB6-AC4D-79ECBD42B75C}.Release|x86.ActiveCfg = Release|Any CPU
		{BE01E7C1-5EE5-4EB6-AC4D-79ECBD42B75C}.SingleImage|Any CPU.ActiveCfg = Release|Any CPU
		{BE01E7C1-5EE5-4EB6-AC4D-79ECBD42B75C}.SingleImage|Any CPU.Build.0 = Release|Any CPU
		{BE01E7C1-5EE5-4EB6-AC4D-79ECBD42B75C}.SingleImage|Mixed Platforms.ActiveCfg = Release|Any CPU
		{BE01E7C1-5EE5-4EB6-AC4D-79ECBD42B75C}.SingleImage|Mixed Platforms.Build.0 = Release|Any CPU
		{BE01E7C1-5EE5-4EB6-AC4D-79ECBD42B75C}.SingleImage|x86.ActiveCfg = Release|Any CPU
		{1268B707-A866-4723-89C7-2E9BD92E6AA6}.CD_ROM|Any CPU.ActiveCfg = Release|Any CPU
		{1268B707-A866-4723-89C7-2E9BD92E6AA6}.CD_ROM|Any CPU.Build.0 = Release|Any CPU
		{1268B707-A866-4723-89C7-2E9BD92E6AA6}.CD_ROM|Mixed Platforms.ActiveCfg = Release|Any CPU
		{1268B707-A866-4723-89C7-2E9BD92E6AA6}.CD_ROM|Mixed Platforms.Build.0 = Release|Any CPU
		{1268B707-A866-4723-89C7-2E9BD92E6AA6}.CD_ROM|x86.ActiveCfg = Release|Any CPU
		{1268B707-A866-4723-89C7-2E9BD92E6AA6}.Debug|Any CPU.ActiveCfg = Debug|Any CPU
		{1268B707-A866-4723-89C7-2E9BD92E6AA6}.Debug|Any CPU.Build.0 = Debug|Any CPU
		{1268B707-A866-4723-89C7-2E9BD92E6AA6}.Debug|Mixed Platforms.ActiveCfg = Debug|Any CPU
		{1268B707-A866-4723-89C7-2E9BD92E6AA6}.Debug|Mixed Platforms.Build.0 = Debug|Any CPU
		{1268B707-A866-4723-89C7-2E9BD92E6AA6}.Debug|x86.ActiveCfg = Debug|Any CPU
		{1268B707-A866-4723-89C7-2E9BD92E6AA6}.DVD-5|Any CPU.ActiveCfg = Debug|Any CPU
		{1268B707-A866-4723-89C7-2E9BD92E6AA6}.DVD-5|Any CPU.Build.0 = Debug|Any CPU
		{1268B707-A866-4723-89C7-2E9BD92E6AA6}.DVD-5|Mixed Platforms.ActiveCfg = Debug|Any CPU
		{1268B707-A866-4723-89C7-2E9BD92E6AA6}.DVD-5|Mixed Platforms.Build.0 = Debug|Any CPU
		{1268B707-A866-4723-89C7-2E9BD92E6AA6}.DVD-5|x86.ActiveCfg = Debug|Any CPU
		{1268B707-A866-4723-89C7-2E9BD92E6AA6}.Release|Any CPU.ActiveCfg = Release|Any CPU
		{1268B707-A866-4723-89C7-2E9BD92E6AA6}.Release|Any CPU.Build.0 = Release|Any CPU
		{1268B707-A866-4723-89C7-2E9BD92E6AA6}.Release|Mixed Platforms.ActiveCfg = Release|Any CPU
		{1268B707-A866-4723-89C7-2E9BD92E6AA6}.Release|Mixed Platforms.Build.0 = Release|Any CPU
		{1268B707-A866-4723-89C7-2E9BD92E6AA6}.Release|x86.ActiveCfg = Release|Any CPU
		{1268B707-A866-4723-89C7-2E9BD92E6AA6}.SingleImage|Any CPU.ActiveCfg = Release|Any CPU
		{1268B707-A866-4723-89C7-2E9BD92E6AA6}.SingleImage|Any CPU.Build.0 = Release|Any CPU
		{1268B707-A866-4723-89C7-2E9BD92E6AA6}.SingleImage|Mixed Platforms.ActiveCfg = Release|Any CPU
		{1268B707-A866-4723-89C7-2E9BD92E6AA6}.SingleImage|Mixed Platforms.Build.0 = Release|Any CPU
		{1268B707-A866-4723-89C7-2E9BD92E6AA6}.SingleImage|x86.ActiveCfg = Release|Any CPU
		{FC09CE1A-0C77-488D-8169-3D825D998E2C}.CD_ROM|Any CPU.ActiveCfg = Release|Any CPU
		{FC09CE1A-0C77-488D-8169-3D825D998E2C}.CD_ROM|Any CPU.Build.0 = Release|Any CPU
		{FC09CE1A-0C77-488D-8169-3D825D998E2C}.CD_ROM|Mixed Platforms.ActiveCfg = Release|Any CPU
		{FC09CE1A-0C77-488D-8169-3D825D998E2C}.CD_ROM|Mixed Platforms.Build.0 = Release|Any CPU
		{FC09CE1A-0C77-488D-8169-3D825D998E2C}.CD_ROM|x86.ActiveCfg = Release|Any CPU
		{FC09CE1A-0C77-488D-8169-3D825D998E2C}.Debug|Any CPU.ActiveCfg = Debug|Any CPU
		{FC09CE1A-0C77-488D-8169-3D825D998E2C}.Debug|Any CPU.Build.0 = Debug|Any CPU
		{FC09CE1A-0C77-488D-8169-3D825D998E2C}.Debug|Mixed Platforms.ActiveCfg = Debug|Any CPU
		{FC09CE1A-0C77-488D-8169-3D825D998E2C}.Debug|Mixed Platforms.Build.0 = Debug|Any CPU
		{FC09CE1A-0C77-488D-8169-3D825D998E2C}.Debug|x86.ActiveCfg = Debug|Any CPU
		{FC09CE1A-0C77-488D-8169-3D825D998E2C}.DVD-5|Any CPU.ActiveCfg = Debug|Any CPU
		{FC09CE1A-0C77-488D-8169-3D825D998E2C}.DVD-5|Any CPU.Build.0 = Debug|Any CPU
		{FC09CE1A-0C77-488D-8169-3D825D998E2C}.DVD-5|Mixed Platforms.ActiveCfg = Debug|Any CPU
		{FC09CE1A-0C77-488D-8169-3D825D998E2C}.DVD-5|Mixed Platforms.Build.0 = Debug|Any CPU
		{FC09CE1A-0C77-488D-8169-3D825D998E2C}.DVD-5|x86.ActiveCfg = Debug|Any CPU
		{FC09CE1A-0C77-488D-8169-3D825D998E2C}.Release|Any CPU.ActiveCfg = Release|Any CPU
		{FC09CE1A-0C77-488D-8169-3D825D998E2C}.Release|Any CPU.Build.0 = Release|Any CPU
		{FC09CE1A-0C77-488D-8169-3D825D998E2C}.Release|Mixed Platforms.ActiveCfg = Release|Any CPU
		{FC09CE1A-0C77-488D-8169-3D825D998E2C}.Release|Mixed Platforms.Build.0 = Release|Any CPU
		{FC09CE1A-0C77-488D-8169-3D825D998E2C}.Release|x86.ActiveCfg = Release|Any CPU
		{FC09CE1A-0C77-488D-8169-3D825D998E2C}.SingleImage|Any CPU.ActiveCfg = Release|Any CPU
		{FC09CE1A-0C77-488D-8169-3D825D998E2C}.SingleImage|Any CPU.Build.0 = Release|Any CPU
		{FC09CE1A-0C77-488D-8169-3D825D998E2C}.SingleImage|Mixed Platforms.ActiveCfg = Release|Any CPU
		{FC09CE1A-0C77-488D-8169-3D825D998E2C}.SingleImage|Mixed Platforms.Build.0 = Release|Any CPU
		{FC09CE1A-0C77-488D-8169-3D825D998E2C}.SingleImage|x86.ActiveCfg = Release|Any CPU
		{27B67DFE-0BF1-4435-B036-E4C083EAEA03}.CD_ROM|Any CPU.ActiveCfg = Emulator|Any CPU
		{27B67DFE-0BF1-4435-B036-E4C083EAEA03}.CD_ROM|Any CPU.Build.0 = Emulator|Any CPU
		{27B67DFE-0BF1-4435-B036-E4C083EAEA03}.CD_ROM|Mixed Platforms.ActiveCfg = Emulator|Any CPU
		{27B67DFE-0BF1-4435-B036-E4C083EAEA03}.CD_ROM|Mixed Platforms.Build.0 = Emulator|Any CPU
		{27B67DFE-0BF1-4435-B036-E4C083EAEA03}.CD_ROM|x86.ActiveCfg = Emulator|Any CPU
		{27B67DFE-0BF1-4435-B036-E4C083EAEA03}.Debug|Any CPU.ActiveCfg = Debug|Any CPU
		{27B67DFE-0BF1-4435-B036-E4C083EAEA03}.Debug|Any CPU.Build.0 = Debug|Any CPU
		{27B67DFE-0BF1-4435-B036-E4C083EAEA03}.Debug|Mixed Platforms.ActiveCfg = Debug|Any CPU
		{27B67DFE-0BF1-4435-B036-E4C083EAEA03}.Debug|Mixed Platforms.Build.0 = Debug|Any CPU
		{27B67DFE-0BF1-4435-B036-E4C083EAEA03}.Debug|x86.ActiveCfg = Debug|Any CPU
		{27B67DFE-0BF1-4435-B036-E4C083EAEA03}.DVD-5|Any CPU.ActiveCfg = Debug|Any CPU
		{27B67DFE-0BF1-4435-B036-E4C083EAEA03}.DVD-5|Any CPU.Build.0 = Debug|Any CPU
		{27B67DFE-0BF1-4435-B036-E4C083EAEA03}.DVD-5|Mixed Platforms.ActiveCfg = Debug|Any CPU
		{27B67DFE-0BF1-4435-B036-E4C083EAEA03}.DVD-5|Mixed Platforms.Build.0 = Debug|Any CPU
		{27B67DFE-0BF1-4435-B036-E4C083EAEA03}.DVD-5|x86.ActiveCfg = Debug|Any CPU
		{27B67DFE-0BF1-4435-B036-E4C083EAEA03}.Release|Any CPU.ActiveCfg = Release|Any CPU
		{27B67DFE-0BF1-4435-B036-E4C083EAEA03}.Release|Any CPU.Build.0 = Release|Any CPU
		{27B67DFE-0BF1-4435-B036-E4C083EAEA03}.Release|Mixed Platforms.ActiveCfg = Release|Any CPU
		{27B67DFE-0BF1-4435-B036-E4C083EAEA03}.Release|Mixed Platforms.Build.0 = Release|Any CPU
		{27B67DFE-0BF1-4435-B036-E4C083EAEA03}.Release|x86.ActiveCfg = Release|Any CPU
		{27B67DFE-0BF1-4435-B036-E4C083EAEA03}.SingleImage|Any CPU.ActiveCfg = Emulator|Any CPU
		{27B67DFE-0BF1-4435-B036-E4C083EAEA03}.SingleImage|Any CPU.Build.0 = Emulator|Any CPU
		{27B67DFE-0BF1-4435-B036-E4C083EAEA03}.SingleImage|Mixed Platforms.ActiveCfg = Release|Any CPU
		{27B67DFE-0BF1-4435-B036-E4C083EAEA03}.SingleImage|Mixed Platforms.Build.0 = Release|Any CPU
		{27B67DFE-0BF1-4435-B036-E4C083EAEA03}.SingleImage|x86.ActiveCfg = Emulator|Any CPU
		{02B7E83D-A3E7-4456-92F2-23D6A7C5E091}.CD_ROM|Any CPU.ActiveCfg = Release|Any CPU
		{02B7E83D-A3E7-4456-92F2-23D6A7C5E091}.CD_ROM|Any CPU.Build.0 = Release|Any CPU
		{02B7E83D-A3E7-4456-92F2-23D6A7C5E091}.CD_ROM|Mixed Platforms.ActiveCfg = Release|Any CPU
		{02B7E83D-A3E7-4456-92F2-23D6A7C5E091}.CD_ROM|Mixed Platforms.Build.0 = Release|Any CPU
		{02B7E83D-A3E7-4456-92F2-23D6A7C5E091}.CD_ROM|x86.ActiveCfg = Release|Any CPU
		{02B7E83D-A3E7-4456-92F2-23D6A7C5E091}.Debug|Any CPU.ActiveCfg = Debug|Any CPU
		{02B7E83D-A3E7-4456-92F2-23D6A7C5E091}.Debug|Any CPU.Build.0 = Debug|Any CPU
		{02B7E83D-A3E7-4456-92F2-23D6A7C5E091}.Debug|Mixed Platforms.ActiveCfg = Debug|Any CPU
		{02B7E83D-A3E7-4456-92F2-23D6A7C5E091}.Debug|Mixed Platforms.Build.0 = Debug|Any CPU
		{02B7E83D-A3E7-4456-92F2-23D6A7C5E091}.Debug|x86.ActiveCfg = Debug|Any CPU
		{02B7E83D-A3E7-4456-92F2-23D6A7C5E091}.DVD-5|Any CPU.ActiveCfg = Debug|Any CPU
		{02B7E83D-A3E7-4456-92F2-23D6A7C5E091}.DVD-5|Any CPU.Build.0 = Debug|Any CPU
		{02B7E83D-A3E7-4456-92F2-23D6A7C5E091}.DVD-5|Mixed Platforms.ActiveCfg = Debug|Any CPU
		{02B7E83D-A3E7-4456-92F2-23D6A7C5E091}.DVD-5|Mixed Platforms.Build.0 = Debug|Any CPU
		{02B7E83D-A3E7-4456-92F2-23D6A7C5E091}.DVD-5|x86.ActiveCfg = Debug|Any CPU
		{02B7E83D-A3E7-4456-92F2-23D6A7C5E091}.Release|Any CPU.ActiveCfg = Release|Any CPU
		{02B7E83D-A3E7-4456-92F2-23D6A7C5E091}.Release|Any CPU.Build.0 = Release|Any CPU
		{02B7E83D-A3E7-4456-92F2-23D6A7C5E091}.Release|Mixed Platforms.ActiveCfg = Release|Any CPU
		{02B7E83D-A3E7-4456-92F2-23D6A7C5E091}.Release|Mixed Platforms.Build.0 = Release|Any CPU
		{02B7E83D-A3E7-4456-92F2-23D6A7C5E091}.Release|x86.ActiveCfg = Release|Any CPU
		{02B7E83D-A3E7-4456-92F2-23D6A7C5E091}.SingleImage|Any CPU.ActiveCfg = Release|Any CPU
		{02B7E83D-A3E7-4456-92F2-23D6A7C5E091}.SingleImage|Any CPU.Build.0 = Release|Any CPU
		{02B7E83D-A3E7-4456-92F2-23D6A7C5E091}.SingleImage|Mixed Platforms.ActiveCfg = Release|Any CPU
		{02B7E83D-A3E7-4456-92F2-23D6A7C5E091}.SingleImage|Mixed Platforms.Build.0 = Release|Any CPU
		{02B7E83D-A3E7-4456-92F2-23D6A7C5E091}.SingleImage|x86.ActiveCfg = Release|Any CPU
		{CE2C7B66-1C6A-4CA7-949A-EDA0B99E7F50}.CD_ROM|Any CPU.ActiveCfg = CD_ROM
		{CE2C7B66-1C6A-4CA7-949A-EDA0B99E7F50}.CD_ROM|Any CPU.Build.0 = CD_ROM
		{CE2C7B66-1C6A-4CA7-949A-EDA0B99E7F50}.CD_ROM|Mixed Platforms.ActiveCfg = CD_ROM
		{CE2C7B66-1C6A-4CA7-949A-EDA0B99E7F50}.CD_ROM|Mixed Platforms.Build.0 = CD_ROM
		{CE2C7B66-1C6A-4CA7-949A-EDA0B99E7F50}.CD_ROM|x86.ActiveCfg = CD_ROM
		{CE2C7B66-1C6A-4CA7-949A-EDA0B99E7F50}.CD_ROM|x86.Build.0 = CD_ROM
		{CE2C7B66-1C6A-4CA7-949A-EDA0B99E7F50}.Debug|Any CPU.ActiveCfg = DVD-5
		{CE2C7B66-1C6A-4CA7-949A-EDA0B99E7F50}.Debug|Any CPU.Build.0 = DVD-5
		{CE2C7B66-1C6A-4CA7-949A-EDA0B99E7F50}.Debug|Mixed Platforms.ActiveCfg = SingleImage
		{CE2C7B66-1C6A-4CA7-949A-EDA0B99E7F50}.Debug|x86.ActiveCfg = DVD-5
		{CE2C7B66-1C6A-4CA7-949A-EDA0B99E7F50}.Debug|x86.Build.0 = DVD-5
		{CE2C7B66-1C6A-4CA7-949A-EDA0B99E7F50}.DVD-5|Any CPU.ActiveCfg = DVD-5
		{CE2C7B66-1C6A-4CA7-949A-EDA0B99E7F50}.DVD-5|Any CPU.Build.0 = DVD-5
		{CE2C7B66-1C6A-4CA7-949A-EDA0B99E7F50}.DVD-5|Mixed Platforms.ActiveCfg = DVD-5
		{CE2C7B66-1C6A-4CA7-949A-EDA0B99E7F50}.DVD-5|Mixed Platforms.Build.0 = DVD-5
		{CE2C7B66-1C6A-4CA7-949A-EDA0B99E7F50}.DVD-5|x86.ActiveCfg = DVD-5
		{CE2C7B66-1C6A-4CA7-949A-EDA0B99E7F50}.DVD-5|x86.Build.0 = DVD-5
		{CE2C7B66-1C6A-4CA7-949A-EDA0B99E7F50}.Release|Any CPU.ActiveCfg = SingleImage
		{CE2C7B66-1C6A-4CA7-949A-EDA0B99E7F50}.Release|Any CPU.Build.0 = SingleImage
		{CE2C7B66-1C6A-4CA7-949A-EDA0B99E7F50}.Release|Mixed Platforms.ActiveCfg = SingleImage
		{CE2C7B66-1C6A-4CA7-949A-EDA0B99E7F50}.Release|x86.ActiveCfg = SingleImage
		{CE2C7B66-1C6A-4CA7-949A-EDA0B99E7F50}.Release|x86.Build.0 = SingleImage
		{CE2C7B66-1C6A-4CA7-949A-EDA0B99E7F50}.SingleImage|Any CPU.ActiveCfg = SingleImage
		{CE2C7B66-1C6A-4CA7-949A-EDA0B99E7F50}.SingleImage|Any CPU.Build.0 = SingleImage
		{CE2C7B66-1C6A-4CA7-949A-EDA0B99E7F50}.SingleImage|Mixed Platforms.ActiveCfg = SingleImage
		{CE2C7B66-1C6A-4CA7-949A-EDA0B99E7F50}.SingleImage|Mixed Platforms.Build.0 = SingleImage
		{CE2C7B66-1C6A-4CA7-949A-EDA0B99E7F50}.SingleImage|x86.ActiveCfg = SingleImage
		{CE2C7B66-1C6A-4CA7-949A-EDA0B99E7F50}.SingleImage|x86.Build.0 = SingleImage
	EndGlobalSection
	GlobalSection(SolutionProperties) = preSolution
		HideSolutionNode = FALSE
	EndGlobalSection
EndGlobal
